
Microsoft Visual Studio Solution File, Format Version 12.00
# Visual Studio Version 17
VisualStudioVersion = 17.7.34202.233
MinimumVisualStudioVersion = 10.0.40219.1
Project("{FAE04EC0-301F-11D3-BF4B-00C04F79EFBC}") = "RandomPasswordGenerator", "RandomPasswordGenerator\RandomPasswordGenerator.csproj", "{33D6A891-8EF5-41D9-9B2B-C7400D01C743}"
EndProject
Global
	GlobalSection(SolutionConfigurationPlatforms) = preSolution
		Debug|Any CPU = Debug|Any CPU
		Release|Any CPU = Release|Any CPU
	EndGlobalSection
	GlobalSection(ProjectConfigurationPlatforms) = postSolution
		{33D6A891-8EF5-41D9-9B2B-C7400D01C743}.Debug|Any CPU.ActiveCfg = Debug|Any CPU
		{33D6A891-8EF5-41D9-9B2B-C7400D01C743}.Debug|Any CPU.Build.0 = Debug|Any CPU
		{33D6A891-8EF5-41D9-9B2B-C7400D01C743}.Release|Any CPU.ActiveCfg = Release|Any CPU
		{33D6A891-8EF5-41D9-9B2B-C7400D01C743}.Release|Any CPU.Build.0 = Release|Any CPU
	EndGlobalSection
	GlobalSection(SolutionProperties) = preSolution
		HideSolutionNode = FALSE
	EndGlobalSection
	GlobalSection(ExtensibilityGlobals) = postSolution
		SolutionGuid = {89C67113-5E4B-4E79-A412-B774CFB9A593}
	EndGlobalSection
EndGlobal
